// !$*UTF8*$!
{
	archiveVersion = 1;
	classes = {
	};
	objectVersion = 55;
	objects = {

/* Begin PBXBuildFile section */
		0162C5D428C83EBB0035701C /* AppDelegate.swift in Sources */ = {isa = PBXBuildFile; fileRef = 0162C5D328C83EBB0035701C /* AppDelegate.swift */; };
		0162C5D628C83EBB0035701C /* SceneDelegate.swift in Sources */ = {isa = PBXBuildFile; fileRef = 0162C5D528C83EBB0035701C /* SceneDelegate.swift */; };
		0162C5D828C83EBB0035701C /* ViewController.swift in Sources */ = {isa = PBXBuildFile; fileRef = 0162C5D728C83EBB0035701C /* ViewController.swift */; };
		0162C5DB28C83EBB0035701C /* Main.storyboard in Resources */ = {isa = PBXBuildFile; fileRef = 0162C5D928C83EBB0035701C /* Main.storyboard */; };
		0162C5DD28C83EBD0035701C /* Assets.xcassets in Resources */ = {isa = PBXBuildFile; fileRef = 0162C5DC28C83EBD0035701C /* Assets.xcassets */; };
		0162C5E028C83EBD0035701C /* LaunchScreen.storyboard in Resources */ = {isa = PBXBuildFile; fileRef = 0162C5DE28C83EBD0035701C /* LaunchScreen.storyboard */; };
		0162C5EC28C851000035701C /* hee.m4a in Resources */ = {isa = PBXBuildFile; fileRef = 0162C5EB28C851000035701C /* hee.m4a */; };
		0162C5F928C8619D0035701C /* wakaru.m4a in Resources */ = {isa = PBXBuildFile; fileRef = 0162C5F128C8619C0035701C /* wakaru.m4a */; };
		0162C5FA28C8619D0035701C /* naruhodo.m4a in Resources */ = {isa = PBXBuildFile; fileRef = 0162C5F228C8619C0035701C /* naruhodo.m4a */; };
		0162C5FB28C8619D0035701C /* hontoni.m4a in Resources */ = {isa = PBXBuildFile; fileRef = 0162C5F328C8619D0035701C /* hontoni.m4a */; };
		0162C5FC28C8619D0035701C /* sousou.m4a in Resources */ = {isa = PBXBuildFile; fileRef = 0162C5F428C8619D0035701C /* sousou.m4a */; };
		0162C5FD28C8619D0035701C /* sugoi.m4a in Resources */ = {isa = PBXBuildFile; fileRef = 0162C5F528C8619D0035701C /* sugoi.m4a */; };
		0162C5FE28C8619D0035701C /* sasuga.m4a in Resources */ = {isa = PBXBuildFile; fileRef = 0162C5F628C8619D0035701C /* sasuga.m4a */; };
		0162C5FF28C8619D0035701C /* sorede.m4a in Resources */ = {isa = PBXBuildFile; fileRef = 0162C5F728C8619D0035701C /* sorede.m4a */; };
		0162C60028C8619D0035701C /* doushite.m4a in Resources */ = {isa = PBXBuildFile; fileRef = 0162C5F828C8619D0035701C /* doushite.m4a */; };
		0162C60628C86F470035701C /* unun.m4a in Resources */ = {isa = PBXBuildFile; fileRef = 0162C60528C86F470035701C /* unun.m4a */; };
		01946A5428C9DCC200DEF4A5 /* image.JPG in Resources */ = {isa = PBXBuildFile; fileRef = 01946A5328C9DCC200DEF4A5 /* image.JPG */; };
		01946A5828C9E03200DEF4A5 /* flower.png in Resources */ = {isa = PBXBuildFile; fileRef = 01946A5728C9E03200DEF4A5 /* flower.png */; };
/* End PBXBuildFile section */

/* Begin PBXFileReference section */
		0162C5D028C83EBB0035701C /* swift-aizuchi-app.app */ = {isa = PBXFileReference; explicitFileType = wrapper.application; includeInIndex = 0; path = "swift-aizuchi-app.app"; sourceTree = BUILT_PRODUCTS_DIR; };
		0162C5D328C83EBB0035701C /* AppDelegate.swift */ = {isa = PBXFileReference; lastKnownFileType = sourcecode.swift; path = AppDelegate.swift; sourceTree = "<group>"; };
		0162C5D528C83EBB0035701C /* SceneDelegate.swift */ = {isa = PBXFileReference; lastKnownFileType = sourcecode.swift; path = SceneDelegate.swift; sourceTree = "<group>"; };
		0162C5D728C83EBB0035701C /* ViewController.swift */ = {isa = PBXFileReference; lastKnownFileType = sourcecode.swift; path = ViewController.swift; sourceTree = "<group>"; };
		0162C5DA28C83EBB0035701C /* Base */ = {isa = PBXFileReference; lastKnownFileType = file.storyboard; name = Base; path = Base.lproj/Main.storyboard; sourceTree = "<group>"; };
		0162C5DC28C83EBD0035701C /* Assets.xcassets */ = {isa = PBXFileReference; lastKnownFileType = folder.assetcatalog; path = Assets.xcassets; sourceTree = "<group>"; };
		0162C5DF28C83EBD0035701C /* Base */ = {isa = PBXFileReference; lastKnownFileType = file.storyboard; name = Base; path = Base.lproj/LaunchScreen.storyboard; sourceTree = "<group>"; };
		0162C5E128C83EBD0035701C /* Info.plist */ = {isa = PBXFileReference; lastKnownFileType = text.plist.xml; path = Info.plist; sourceTree = "<group>"; };
		0162C5EB28C851000035701C /* hee.m4a */ = {isa = PBXFileReference; lastKnownFileType = file; path = hee.m4a; sourceTree = "<group>"; };
		0162C5F128C8619C0035701C /* wakaru.m4a */ = {isa = PBXFileReference; lastKnownFileType = file; path = wakaru.m4a; sourceTree = "<group>"; };
		0162C5F228C8619C0035701C /* naruhodo.m4a */ = {isa = PBXFileReference; lastKnownFileType = file; path = naruhodo.m4a; sourceTree = "<group>"; };
		0162C5F328C8619D0035701C /* hontoni.m4a */ = {isa = PBXFileReference; lastKnownFileType = file; path = hontoni.m4a; sourceTree = "<group>"; };
		0162C5F428C8619D0035701C /* sousou.m4a */ = {isa = PBXFileReference; lastKnownFileType = file; path = sousou.m4a; sourceTree = "<group>"; };
		0162C5F528C8619D0035701C /* sugoi.m4a */ = {isa = PBXFileReference; lastKnownFileType = file; path = sugoi.m4a; sourceTree = "<group>"; };
		0162C5F628C8619D0035701C /* sasuga.m4a */ = {isa = PBXFileReference; lastKnownFileType = file; path = sasuga.m4a; sourceTree = "<group>"; };
		0162C5F728C8619D0035701C /* sorede.m4a */ = {isa = PBXFileReference; lastKnownFileType = file; path = sorede.m4a; sourceTree = "<group>"; };
		0162C5F828C8619D0035701C /* doushite.m4a */ = {isa = PBXFileReference; lastKnownFileType = file; path = doushite.m4a; sourceTree = "<group>"; };
		0162C60528C86F470035701C /* unun.m4a */ = {isa = PBXFileReference; lastKnownFileType = file; path = unun.m4a; sourceTree = "<group>"; };
		01946A5328C9DCC200DEF4A5 /* image.JPG */ = {isa = PBXFileReference; lastKnownFileType = image.jpeg; path = image.JPG; sourceTree = "<group>"; };
		01946A5728C9E03200DEF4A5 /* flower.png */ = {isa = PBXFileReference; lastKnownFileType = image.png; path = flower.png; sourceTree = "<group>"; };
/* End PBXFileReference section */

/* Begin PBXFrameworksBuildPhase section */
		0162C5CD28C83EBB0035701C /* Frameworks */ = {
			isa = PBXFrameworksBuildPhase;
			buildActionMask = 2147483647;
			files = (
			);
			runOnlyForDeploymentPostprocessing = 0;
		};
/* End PBXFrameworksBuildPhase section */

/* Begin PBXGroup section */
		0162C5C728C83EBB0035701C = {
			isa = PBXGroup;
			children = (
				0162C5D228C83EBB0035701C /* swift-aizuchi-app */,
				0162C5D128C83EBB0035701C /* Products */,
			);
			sourceTree = "<group>";
		};
		0162C5D128C83EBB0035701C /* Products */ = {
			isa = PBXGroup;
			children = (
				0162C5D028C83EBB0035701C /* swift-aizuchi-app.app */,
			);
			name = Products;
			sourceTree = "<group>";
		};
		0162C5D228C83EBB0035701C /* swift-aizuchi-app */ = {
			isa = PBXGroup;
			children = (
				0162C5D328C83EBB0035701C /* AppDelegate.swift */,
				0162C5D528C83EBB0035701C /* SceneDelegate.swift */,
				0162C5D728C83EBB0035701C /* ViewController.swift */,
				0162C5E828C846EE0035701C /* sounds */,
				0162C5D928C83EBB0035701C /* Main.storyboard */,
				0162C5DC28C83EBD0035701C /* Assets.xcassets */,
				01946A5328C9DCC200DEF4A5 /* image.JPG */,
				01946A5728C9E03200DEF4A5 /* flower.png */,
				0162C5DE28C83EBD0035701C /* LaunchScreen.storyboard */,
				0162C5E128C83EBD0035701C /* Info.plist */,
			);
			path = "swift-aizuchi-app";
			sourceTree = "<group>";
		};
		0162C5E828C846EE0035701C /* sounds */ = {
			isa = PBXGroup;
			children = (
				0162C60528C86F470035701C /* unun.m4a */,
				0162C5EB28C851000035701C /* hee.m4a */,
				0162C5F828C8619D0035701C /* doushite.m4a */,
				0162C5F328C8619D0035701C /* hontoni.m4a */,
				0162C5F228C8619C0035701C /* naruhodo.m4a */,
				0162C5F628C8619D0035701C /* sasuga.m4a */,
				0162C5F728C8619D0035701C /* sorede.m4a */,
				0162C5F428C8619D0035701C /* sousou.m4a */,
				0162C5F528C8619D0035701C /* sugoi.m4a */,
				0162C5F128C8619C0035701C /* wakaru.m4a */,
			);
			path = sounds;
			sourceTree = "<group>";
		};
/* End PBXGroup section */

/* Begin PBXNativeTarget section */
		0162C5CF28C83EBB0035701C /* swift-aizuchi-app */ = {
			isa = PBXNativeTarget;
			buildConfigurationList = 0162C5E428C83EBD0035701C /* Build configuration list for PBXNativeTarget "swift-aizuchi-app" */;
			buildPhases = (
				0162C5CC28C83EBB0035701C /* Sources */,
				0162C5CD28C83EBB0035701C /* Frameworks */,
				0162C5CE28C83EBB0035701C /* Resources */,
			);
			buildRules = (
			);
			dependencies = (
			);
			name = "swift-aizuchi-app";
			productName = "swift-aizuchi-app";
			productReference = 0162C5D028C83EBB0035701C /* swift-aizuchi-app.app */;
			productType = "com.apple.product-type.application";
		};
/* End PBXNativeTarget section */

/* Begin PBXProject section */
		0162C5C828C83EBB0035701C /* Project object */ = {
			isa = PBXProject;
			attributes = {
				BuildIndependentTargetsInParallel = 1;
				LastSwiftUpdateCheck = 1340;
				LastUpgradeCheck = 1340;
				TargetAttributes = {
					0162C5CF28C83EBB0035701C = {
						CreatedOnToolsVersion = 13.4.1;
					};
				};
			};
			buildConfigurationList = 0162C5CB28C83EBB0035701C /* Build configuration list for PBXProject "swift-aizuchi-app" */;
			compatibilityVersion = "Xcode 13.0";
			developmentRegion = en;
			hasScannedForEncodings = 0;
			knownRegions = (
				en,
				Base,
			);
			mainGroup = 0162C5C728C83EBB0035701C;
			productRefGroup = 0162C5D128C83EBB0035701C /* Products */;
			projectDirPath = "";
			projectRoot = "";
			targets = (
				0162C5CF28C83EBB0035701C /* swift-aizuchi-app */,
			);
		};
/* End PBXProject section */

/* Begin PBXResourcesBuildPhase section */
		0162C5CE28C83EBB0035701C /* Resources */ = {
			isa = PBXResourcesBuildPhase;
			buildActionMask = 2147483647;
			files = (
				01946A5428C9DCC200DEF4A5 /* image.JPG in Resources */,
				0162C5E028C83EBD0035701C /* LaunchScreen.storyboard in Resources */,
				0162C5EC28C851000035701C /* hee.m4a in Resources */,
				01946A5828C9E03200DEF4A5 /* flower.png in Resources */,
				0162C5FD28C8619D0035701C /* sugoi.m4a in Resources */,
				0162C5FB28C8619D0035701C /* hontoni.m4a in Resources */,
				0162C5FF28C8619D0035701C /* sorede.m4a in Resources */,
				0162C60628C86F470035701C /* unun.m4a in Resources */,
				0162C5DD28C83EBD0035701C /* Assets.xcassets in Resources */,
				0162C5F928C8619D0035701C /* wakaru.m4a in Resources */,
				0162C60028C8619D0035701C /* doushite.m4a in Resources */,
				0162C5FC28C8619D0035701C /* sousou.m4a in Resources */,
				0162C5FE28C8619D0035701C /* sasuga.m4a in Resources */,
				0162C5FA28C8619D0035701C /* naruhodo.m4a in Resources */,
				0162C5DB28C83EBB0035701C /* Main.storyboard in Resources */,
			);
			runOnlyForDeploymentPostprocessing = 0;
		};
/* End PBXResourcesBuildPhase section */

/* Begin PBXSourcesBuildPhase section */
		0162C5CC28C83EBB0035701C /* Sources */ = {
			isa = PBXSourcesBuildPhase;
			buildActionMask = 2147483647;
			files = (
				0162C5D828C83EBB0035701C /* ViewController.swift in Sources */,
				0162C5D428C83EBB0035701C /* AppDelegate.swift in Sources */,
				0162C5D628C83EBB0035701C /* SceneDelegate.swift in Sources */,
			);
			runOnlyForDeploymentPostprocessing = 0;
		};
/* End PBXSourcesBuildPhase section */

/* Begin PBXVariantGroup section */
		0162C5D928C83EBB0035701C /* Main.storyboard */ = {
			isa = PBXVariantGroup;
			children = (
				0162C5DA28C83EBB0035701C /* Base */,
			);
			name = Main.storyboard;
			sourceTree = "<group>";
		};
		0162C5DE28C83EBD0035701C /* LaunchScreen.storyboard */ = {
			isa = PBXVariantGroup;
			children = (
				0162C5DF28C83EBD0035701C /* Base */,
			);
			name = LaunchScreen.storyboard;
			sourceTree = "<group>";
		};
/* End PBXVariantGroup section */

/* Begin XCBuildConfiguration section */
		0162C5E228C83EBD0035701C /* Debug */ = {
			isa = XCBuildConfiguration;
			buildSettings = {
				ALWAYS_SEARCH_USER_PATHS = NO;
				CLANG_ANALYZER_NONNULL = YES;
				CLANG_ANALYZER_NUMBER_OBJECT_CONVERSION = YES_AGGRESSIVE;
				CLANG_CXX_LANGUAGE_STANDARD = "gnu++17";
				CLANG_ENABLE_MODULES = YES;
				CLANG_ENABLE_OBJC_ARC = YES;
				CLANG_ENABLE_OBJC_WEAK = YES;
				CLANG_WARN_BLOCK_CAPTURE_AUTORELEASING = YES;
				CLANG_WARN_BOOL_CONVERSION = YES;
				CLANG_WARN_COMMA = YES;
				CLANG_WARN_CONSTANT_CONVERSION = YES;
				CLANG_WARN_DEPRECATED_OBJC_IMPLEMENTATIONS = YES;
				CLANG_WARN_DIRECT_OBJC_ISA_USAGE = YES_ERROR;
				CLANG_WARN_DOCUMENTATION_COMMENTS = YES;
				CLANG_WARN_EMPTY_BODY = YES;
				CLANG_WARN_ENUM_CONVERSION = YES;
				CLANG_WARN_INFINITE_RECURSION = YES;
				CLANG_WARN_INT_CONVERSION = YES;
				CLANG_WARN_NON_LITERAL_NULL_CONVERSION = YES;
				CLANG_WARN_OBJC_IMPLICIT_RETAIN_SELF = YES;
				CLANG_WARN_OBJC_LITERAL_CONVERSION = YES;
				CLANG_WARN_OBJC_ROOT_CLASS = YES_ERROR;
				CLANG_WARN_QUOTED_INCLUDE_IN_FRAMEWORK_HEADER = YES;
				CLANG_WARN_RANGE_LOOP_ANALYSIS = YES;
				CLANG_WARN_STRICT_PROTOTYPES = YES;
				CLANG_WARN_SUSPICIOUS_MOVE = YES;
				CLANG_WARN_UNGUARDED_AVAILABILITY = YES_AGGRESSIVE;
				CLANG_WARN_UNREACHABLE_CODE = YES;
				CLANG_WARN__DUPLICATE_METHOD_MATCH = YES;
				COPY_PHASE_STRIP = NO;
				DEBUG_INFORMATION_FORMAT = dwarf;
				ENABLE_STRICT_OBJC_MSGSEND = YES;
				ENABLE_TESTABILITY = YES;
				GCC_C_LANGUAGE_STANDARD = gnu11;
				GCC_DYNAMIC_NO_PIC = NO;
				GCC_NO_COMMON_BLOCKS = YES;
				GCC_OPTIMIZATION_LEVEL = 0;
				GCC_PREPROCESSOR_DEFINITIONS = (
					"DEBUG=1",
					"$(inherited)",
				);
				GCC_WARN_64_TO_32_BIT_CONVERSION = YES;
				GCC_WARN_ABOUT_RETURN_TYPE = YES_ERROR;
				GCC_WARN_UNDECLARED_SELECTOR = YES;
				GCC_WARN_UNINITIALIZED_AUTOS = YES_AGGRESSIVE;
				GCC_WARN_UNUSED_FUNCTION = YES;
				GCC_WARN_UNUSED_VARIABLE = YES;
				IPHONEOS_DEPLOYMENT_TARGET = 15.5;
				MTL_ENABLE_DEBUG_INFO = INCLUDE_SOURCE;
				MTL_FAST_MATH = YES;
				ONLY_ACTIVE_ARCH = YES;
				SDKROOT = iphoneos;
				SWIFT_ACTIVE_COMPILATION_CONDITIONS = DEBUG;
				SWIFT_OPTIMIZATION_LEVEL = "-Onone";
			};
			name = Debug;
		};
		0162C5E328C83EBD0035701C /* Release */ = {
			isa = XCBuildConfiguration;
			buildSettings = {
				ALWAYS_SEARCH_USER_PATHS = NO;
				CLANG_ANALYZER_NONNULL = YES;
				CLANG_ANALYZER_NUMBER_OBJECT_CONVERSION = YES_AGGRESSIVE;
				CLANG_CXX_LANGUAGE_STANDARD = "gnu++17";
				CLANG_ENABLE_MODULES = YES;
				CLANG_ENABLE_OBJC_ARC = YES;
				CLANG_ENABLE_OBJC_WEAK = YES;
				CLANG_WARN_BLOCK_CAPTURE_AUTORELEASING = YES;
				CLANG_WARN_BOOL_CONVERSION = YES;
				CLANG_WARN_COMMA = YES;
				CLANG_WARN_CONSTANT_CONVERSION = YES;
				CLANG_WARN_DEPRECATED_OBJC_IMPLEMENTATIONS = YES;
				CLANG_WARN_DIRECT_OBJC_ISA_USAGE = YES_ERROR;
				CLANG_WARN_DOCUMENTATION_COMMENTS = YES;
				CLANG_WARN_EMPTY_BODY = YES;
				CLANG_WARN_ENUM_CONVERSION = YES;
				CLANG_WARN_INFINITE_RECURSION = YES;
				CLANG_WARN_INT_CONVERSION = YES;
				CLANG_WARN_NON_LITERAL_NULL_CONVERSION = YES;
				CLANG_WARN_OBJC_IMPLICIT_RETAIN_SELF = YES;
				CLANG_WARN_OBJC_LITERAL_CONVERSION = YES;
				CLANG_WARN_OBJC_ROOT_CLASS = YES_ERROR;
				CLANG_WARN_QUOTED_INCLUDE_IN_FRAMEWORK_HEADER = YES;
				CLANG_WARN_RANGE_LOOP_ANALYSIS = YES;
				CLANG_WARN_STRICT_PROTOTYPES = YES;
				CLANG_WARN_SUSPICIOUS_MOVE = YES;
				CLANG_WARN_UNGUARDED_AVAILABILITY = YES_AGGRESSIVE;
				CLANG_WARN_UNREACHABLE_CODE = YES;
				CLANG_WARN__DUPLICATE_METHOD_MATCH = YES;
				COPY_PHASE_STRIP = NO;
				DEBUG_INFORMATION_FORMAT = "dwarf-with-dsym";
				ENABLE_NS_ASSERTIONS = NO;
				ENABLE_STRICT_OBJC_MSGSEND = YES;
				GCC_C_LANGUAGE_STANDARD = gnu11;
				GCC_NO_COMMON_BLOCKS = YES;
				GCC_WARN_64_TO_32_BIT_CONVERSION = YES;
				GCC_WARN_ABOUT_RETURN_TYPE = YES_ERROR;
				GCC_WARN_UNDECLARED_SELECTOR = YES;
				GCC_WARN_UNINITIALIZED_AUTOS = YES_AGGRESSIVE;
				GCC_WARN_UNUSED_FUNCTION = YES;
				GCC_WARN_UNUSED_VARIABLE = YES;
				IPHONEOS_DEPLOYMENT_TARGET = 15.5;
				MTL_ENABLE_DEBUG_INFO = NO;
				MTL_FAST_MATH = YES;
				SDKROOT = iphoneos;
				SWIFT_COMPILATION_MODE = wholemodule;
				SWIFT_OPTIMIZATION_LEVEL = "-O";
				VALIDATE_PRODUCT = YES;
			};
			name = Release;
		};
		0162C5E528C83EBD0035701C /* Debug */ = {
			isa = XCBuildConfiguration;
			buildSettings = {
				ASSETCATALOG_COMPILER_APPICON_NAME = AppIcon;
				ASSETCATALOG_COMPILER_GLOBAL_ACCENT_COLOR_NAME = AccentColor;
				CODE_SIGN_STYLE = Automatic;
				CURRENT_PROJECT_VERSION = 1;
				DEVELOPMENT_TEAM = 4V2PYC35U3;
				GENERATE_INFOPLIST_FILE = YES;
				INFOPLIST_FILE = "swift-aizuchi-app/Info.plist";
				INFOPLIST_KEY_UIApplicationSupportsIndirectInputEvents = YES;
				INFOPLIST_KEY_UILaunchStoryboardName = LaunchScreen;
				INFOPLIST_KEY_UIMainStoryboardFile = Main;
				INFOPLIST_KEY_UISupportedInterfaceOrientations_iPad = "UIInterfaceOrientationPortrait UIInterfaceOrientationPortraitUpsideDown UIInterfaceOrientationLandscapeLeft UIInterfaceOrientationLandscapeRight";
				INFOPLIST_KEY_UISupportedInterfaceOrientations_iPhone = "UIInterfaceOrientationPortrait UIInterfaceOrientationLandscapeLeft UIInterfaceOrientationLandscapeRight";
				LD_RUNPATH_SEARCH_PATHS = (
					"$(inherited)",
					"@executable_path/Frameworks",
				);
				MARKETING_VERSION = 1.0;
				PRODUCT_BUNDLE_IDENTIFIER = "com.ai.swift-aizuchi-app";
				PRODUCT_NAME = "$(TARGET_NAME)";
				SWIFT_EMIT_LOC_STRINGS = YES;
				SWIFT_VERSION = 5.0;
				TARGETED_DEVICE_FAMILY = "1,2";
			};
			name = Debug;
		};
		0162C5E628C83EBD0035701C /* Release */ = {
			isa = XCBuildConfiguration;
			buildSettings = {
				ASSETCATALOG_COMPILER_APPICON_NAME = AppIcon;
				ASSETCATALOG_COMPILER_GLOBAL_ACCENT_COLOR_NAME = AccentColor;
				CODE_SIGN_STYLE = Automatic;
				CURRENT_PROJECT_VERSION = 1;
				DEVELOPMENT_TEAM = 4V2PYC35U3;
				GENERATE_INFOPLIST_FILE = YES;
				INFOPLIST_FILE = "swift-aizuchi-app/Info.plist";
				INFOPLIST_KEY_UIApplicationSupportsIndirectInputEvents = YES;
				INFOPLIST_KEY_UILaunchStoryboardName = LaunchScreen;
				INFOPLIST_KEY_UIMainStoryboardFile = Main;
				INFOPLIST_KEY_UISupportedInterfaceOrientations_iPad = "UIInterfaceOrientationPortrait UIInterfaceOrientationPortraitUpsideDown UIInterfaceOrientationLandscapeLeft UIInterfaceOrientationLandscapeRight";
				INFOPLIST_KEY_UISupportedInterfaceOrientations_iPhone = "UIInterfaceOrientationPortrait UIInterfaceOrientationLandscapeLeft UIInterfaceOrientationLandscapeRight";
				LD_RUNPATH_SEARCH_PATHS = (
					"$(inherited)",
					"@executable_path/Frameworks",
				);
				MARKETING_VERSION = 1.0;
				PRODUCT_BUNDLE_IDENTIFIER = "com.ai.swift-aizuchi-app";
				PRODUCT_NAME = "$(TARGET_NAME)";
				SWIFT_EMIT_LOC_STRINGS = YES;
				SWIFT_VERSION = 5.0;
				TARGETED_DEVICE_FAMILY = "1,2";
			};
			name = Release;
		};
/* End XCBuildConfiguration section */

/* Begin XCConfigurationList section */
		0162C5CB28C83EBB0035701C /* Build configuration list for PBXProject "swift-aizuchi-app" */ = {
			isa = XCConfigurationList;
			buildConfigurations = (
				0162C5E228C83EBD0035701C /* Debug */,
				0162C5E328C83EBD0035701C /* Release */,
			);
			defaultConfigurationIsVisible = 0;
			defaultConfigurationName = Release;
		};
		0162C5E428C83EBD0035701C /* Build configuration list for PBXNativeTarget "swift-aizuchi-app" */ = {
			isa = XCConfigurationList;
			buildConfigurations = (
				0162C5E528C83EBD0035701C /* Debug */,
				0162C5E628C83EBD0035701C /* Release */,
			);
			defaultConfigurationIsVisible = 0;
			defaultConfigurationName = Release;
		};
/* End XCConfigurationList section */
	};
	rootObject = 0162C5C828C83EBB0035701C /* Project object */;
}
